
Microsoft Visual Studio Solution File, Format Version 12.00
# Visual Studio Version 17
VisualStudioVersion = 17.6.33829.357
MinimumVisualStudioVersion = 10.0.40219.1
Project("{2150E333-8FDC-42A3-9474-1A3956D46DE8}") = "1-Criando sua primeira aplicação", "1-Criando sua primeira aplicação", "{10DDCEF6-0F04-417A-B0A7-D2686A5E3C62}"
EndProject
Project("{9A19103F-16F7-4668-BE54-9A1E7A4F7556}") = "PrimeiroProjeto", "PrimeiroProjeto\PrimeiroProjeto.csproj", "{011CD283-C744-4DBD-B1BF-86D375BA2254}"
EndProject
Project("{2150E333-8FDC-42A3-9474-1A3956D46DE8}") = "2-Aplicando a Orientção a Objetos", "2-Aplicando a Orientção a Objetos", "{57CDCB13-5879-4C2A-8CBC-32B0DAB6A631}"
EndProject
Project("{9A19103F-16F7-4668-BE54-9A1E7A4F7556}") = "Projeto", "Projeto\Projeto.csproj", "{D837F2F2-2E10-4027-A887-57CD7AF5928D}"
EndProject
Project("{2150E333-8FDC-42A3-9474-1A3956D46DE8}") = "3-Dominando Orientação a Objetos", "3-Dominando Orientação a Objetos", "{8BE5C78A-0260-427F-96FF-F662EFB16CC6}"
EndProject
Project("{FAE04EC0-301F-11D3-BF4B-00C04F79EFBC}") = "ScreenSound", "ScreenSound\ScreenSound.csproj", "{39C5D181-0BA0-4891-BEA5-25A24325F398}"
EndProject
Global
	GlobalSection(SolutionConfigurationPlatforms) = preSolution
		Debug|Any CPU = Debug|Any CPU
		Release|Any CPU = Release|Any CPU
	EndGlobalSection
	GlobalSection(ProjectConfigurationPlatforms) = postSolution
		{011CD283-C744-4DBD-B1BF-86D375BA2254}.Debug|Any CPU.ActiveCfg = Debug|Any CPU
		{011CD283-C744-4DBD-B1BF-86D375BA2254}.Debug|Any CPU.Build.0 = Debug|Any CPU
		{011CD283-C744-4DBD-B1BF-86D375BA2254}.Release|Any CPU.ActiveCfg = Release|Any CPU
		{011CD283-C744-4DBD-B1BF-86D375BA2254}.Release|Any CPU.Build.0 = Release|Any CPU
		{D837F2F2-2E10-4027-A887-57CD7AF5928D}.Debug|Any CPU.ActiveCfg = Debug|Any CPU
		{D837F2F2-2E10-4027-A887-57CD7AF5928D}.Debug|Any CPU.Build.0 = Debug|Any CPU
		{D837F2F2-2E10-4027-A887-57CD7AF5928D}.Release|Any CPU.ActiveCfg = Release|Any CPU
		{D837F2F2-2E10-4027-A887-57CD7AF5928D}.Release|Any CPU.Build.0 = Release|Any CPU
		{39C5D181-0BA0-4891-BEA5-25A24325F398}.Debug|Any CPU.ActiveCfg = Debug|Any CPU
		{39C5D181-0BA0-4891-BEA5-25A24325F398}.Debug|Any CPU.Build.0 = Debug|Any CPU
		{39C5D181-0BA0-4891-BEA5-25A24325F398}.Release|Any CPU.ActiveCfg = Release|Any CPU
		{39C5D181-0BA0-4891-BEA5-25A24325F398}.Release|Any CPU.Build.0 = Release|Any CPU
	EndGlobalSection
	GlobalSection(SolutionProperties) = preSolution
		HideSolutionNode = FALSE
	EndGlobalSection
	GlobalSection(NestedProjects) = preSolution
		{011CD283-C744-4DBD-B1BF-86D375BA2254} = {10DDCEF6-0F04-417A-B0A7-D2686A5E3C62}
		{D837F2F2-2E10-4027-A887-57CD7AF5928D} = {57CDCB13-5879-4C2A-8CBC-32B0DAB6A631}
		{39C5D181-0BA0-4891-BEA5-25A24325F398} = {8BE5C78A-0260-427F-96FF-F662EFB16CC6}
	EndGlobalSection
	GlobalSection(ExtensibilityGlobals) = postSolution
		SolutionGuid = {56A1017F-E4E8-4743-8561-9F67B6C01BF2}
	EndGlobalSection
EndGlobal
